
Microsoft Visual Studio Solution File, Format Version 12.00
# Visual Studio Version 17
VisualStudioVersion = 17.1.31903.286
MinimumVisualStudioVersion = 10.0.40219.1
Project("{2150E333-8FDC-42A3-9474-1A3956D46DE8}") = "Services", "Services", "{6C4ECD68-E865-45C8-8690-AF78BDD92A66}"
EndProject
Project("{2150E333-8FDC-42A3-9474-1A3956D46DE8}") = "Catalog", "Catalog", "{527BDB5F-AA2A-488A-A1FC-C9314450AF94}"
EndProject
Project("{9A19103F-16F7-4668-BE54-9A1E7A4F7556}") = "Catalog.API", "Services\Catalog\Catalog.API\Catalog.API.csproj", "{3A8174E8-3D74-476A-9383-8D031C6124C9}"
EndProject
Project("{E53339B2-1760-4266-BCC7-CA923CBCF16C}") = "docker-compose", "docker-compose.dcproj", "{0003C16F-DBB0-4298-9F05-339572F4C3CA}"
EndProject
Project("{2150E333-8FDC-42A3-9474-1A3956D46DE8}") = "Discount", "Discount", "{FE1E9C35-CE6A-4DE7-972F-5316160456BF}"
EndProject
Project("{9A19103F-16F7-4668-BE54-9A1E7A4F7556}") = "Discount.Grpc", "Services\Discount\Discount.Grpc\Discount.Grpc.csproj", "{CC68BA60-A6CF-4982-ABC0-DB4AFAD701D1}"
EndProject
Project("{2150E333-8FDC-42A3-9474-1A3956D46DE8}") = "Basket", "Basket", "{7FAFBAD0-AEE0-43CF-A035-60C92482693E}"
EndProject
Project("{9A19103F-16F7-4668-BE54-9A1E7A4F7556}") = "Basket.API", "Services\Basket\Basket.API\Basket.API.csproj", "{DFB9FAF0-83CE-4D90-B504-47D9524074EC}"
EndProject
Project("{2150E333-8FDC-42A3-9474-1A3956D46DE8}") = "Ordering", "Ordering", "{172BB04C-09FD-4A65-AEFF-50657BB2A00B}"
EndProject
Project("{FAE04EC0-301F-11D3-BF4B-00C04F79EFBC}") = "Ordering.API", "Services\Ordering\Ordering.API\Ordering.API.csproj", "{92EC21BB-6010-4179-9D2B-5406748C4B53}"
EndProject
Project("{FAE04EC0-301F-11D3-BF4B-00C04F79EFBC}") = "Ordering.Domain", "Services\Ordering\Ordering.Domain\Ordering.Domain.csproj", "{DDD41254-3583-4619-9626-29CC4CC72D5F}"
EndProject
Project("{FAE04EC0-301F-11D3-BF4B-00C04F79EFBC}") = "Ordering.Application", "Services\Ordering\Ordering.Application\Ordering.Application.csproj", "{7153699A-0AAB-42A5-822E-ED8252F05064}"
EndProject
Project("{FAE04EC0-301F-11D3-BF4B-00C04F79EFBC}") = "Ordering.Infrastructure", "Services\Ordering\Ordering.Infrastructure\Ordering.Infrastructure.csproj", "{D9906A38-3566-4217-8687-5B982B60D7E8}"
EndProject
Global
	GlobalSection(SolutionConfigurationPlatforms) = preSolution
		Debug|Any CPU = Debug|Any CPU
		Debug|x64 = Debug|x64
		Debug|x86 = Debug|x86
		Release|Any CPU = Release|Any CPU
		Release|x64 = Release|x64
		Release|x86 = Release|x86
	EndGlobalSection
	GlobalSection(ProjectConfigurationPlatforms) = postSolution
		{3A8174E8-3D74-476A-9383-8D031C6124C9}.Debug|Any CPU.ActiveCfg = Debug|Any CPU
		{3A8174E8-3D74-476A-9383-8D031C6124C9}.Debug|Any CPU.Build.0 = Debug|Any CPU
		{3A8174E8-3D74-476A-9383-8D031C6124C9}.Debug|x64.ActiveCfg = Debug|Any CPU
		{3A8174E8-3D74-476A-9383-8D031C6124C9}.Debug|x64.Build.0 = Debug|Any CPU
		{3A8174E8-3D74-476A-9383-8D031C6124C9}.Debug|x86.ActiveCfg = Debug|Any CPU
		{3A8174E8-3D74-476A-9383-8D031C6124C9}.Debug|x86.Build.0 = Debug|Any CPU
		{3A8174E8-3D74-476A-9383-8D031C6124C9}.Release|Any CPU.ActiveCfg = Release|Any CPU
		{3A8174E8-3D74-476A-9383-8D031C6124C9}.Release|Any CPU.Build.0 = Release|Any CPU
		{3A8174E8-3D74-476A-9383-8D031C6124C9}.Release|x64.ActiveCfg = Release|Any CPU
		{3A8174E8-3D74-476A-9383-8D031C6124C9}.Release|x64.Build.0 = Release|Any CPU
		{3A8174E8-3D74-476A-9383-8D031C6124C9}.Release|x86.ActiveCfg = Release|Any CPU
		{3A8174E8-3D74-476A-9383-8D031C6124C9}.Release|x86.Build.0 = Release|Any CPU
		{0003C16F-DBB0-4298-9F05-339572F4C3CA}.Debug|Any CPU.ActiveCfg = Debug|Any CPU
		{0003C16F-DBB0-4298-9F05-339572F4C3CA}.Debug|Any CPU.Build.0 = Debug|Any CPU
		{0003C16F-DBB0-4298-9F05-339572F4C3CA}.Debug|x64.ActiveCfg = Debug|Any CPU
		{0003C16F-DBB0-4298-9F05-339572F4C3CA}.Debug|x64.Build.0 = Debug|Any CPU
		{0003C16F-DBB0-4298-9F05-339572F4C3CA}.Debug|x86.ActiveCfg = Debug|Any CPU
		{0003C16F-DBB0-4298-9F05-339572F4C3CA}.Debug|x86.Build.0 = Debug|Any CPU
		{0003C16F-DBB0-4298-9F05-339572F4C3CA}.Release|Any CPU.ActiveCfg = Release|Any CPU
		{0003C16F-DBB0-4298-9F05-339572F4C3CA}.Release|Any CPU.Build.0 = Release|Any CPU
		{0003C16F-DBB0-4298-9F05-339572F4C3CA}.Release|x64.ActiveCfg = Release|Any CPU
		{0003C16F-DBB0-4298-9F05-339572F4C3CA}.Release|x64.Build.0 = Release|Any CPU
		{0003C16F-DBB0-4298-9F05-339572F4C3CA}.Release|x86.ActiveCfg = Release|Any CPU
		{0003C16F-DBB0-4298-9F05-339572F4C3CA}.Release|x86.Build.0 = Release|Any CPU
		{CC68BA60-A6CF-4982-ABC0-DB4AFAD701D1}.Debug|Any CPU.ActiveCfg = Debug|Any CPU
		{CC68BA60-A6CF-4982-ABC0-DB4AFAD701D1}.Debug|Any CPU.Build.0 = Debug|Any CPU
		{CC68BA60-A6CF-4982-ABC0-DB4AFAD701D1}.Debug|x64.ActiveCfg = Debug|Any CPU
		{CC68BA60-A6CF-4982-ABC0-DB4AFAD701D1}.Debug|x64.Build.0 = Debug|Any CPU
		{CC68BA60-A6CF-4982-ABC0-DB4AFAD701D1}.Debug|x86.ActiveCfg = Debug|Any CPU
		{CC68BA60-A6CF-4982-ABC0-DB4AFAD701D1}.Debug|x86.Build.0 = Debug|Any CPU
		{CC68BA60-A6CF-4982-ABC0-DB4AFAD701D1}.Release|Any CPU.ActiveCfg = Release|Any CPU
		{CC68BA60-A6CF-4982-ABC0-DB4AFAD701D1}.Release|Any CPU.Build.0 = Release|Any CPU
		{CC68BA60-A6CF-4982-ABC0-DB4AFAD701D1}.Release|x64.ActiveCfg = Release|Any CPU
		{CC68BA60-A6CF-4982-ABC0-DB4AFAD701D1}.Release|x64.Build.0 = Release|Any CPU
		{CC68BA60-A6CF-4982-ABC0-DB4AFAD701D1}.Release|x86.ActiveCfg = Release|Any CPU
		{CC68BA60-A6CF-4982-ABC0-DB4AFAD701D1}.Release|x86.Build.0 = Release|Any CPU
		{DFB9FAF0-83CE-4D90-B504-47D9524074EC}.Debug|Any CPU.ActiveCfg = Debug|Any CPU
		{DFB9FAF0-83CE-4D90-B504-47D9524074EC}.Debug|Any CPU.Build.0 = Debug|Any CPU
		{DFB9FAF0-83CE-4D90-B504-47D9524074EC}.Debug|x64.ActiveCfg = Debug|Any CPU
		{DFB9FAF0-83CE-4D90-B504-47D9524074EC}.Debug|x64.Build.0 = Debug|Any CPU
		{DFB9FAF0-83CE-4D90-B504-47D9524074EC}.Debug|x86.ActiveCfg = Debug|Any CPU
		{DFB9FAF0-83CE-4D90-B504-47D9524074EC}.Debug|x86.Build.0 = Debug|Any CPU
		{DFB9FAF0-83CE-4D90-B504-47D9524074EC}.Release|Any CPU.ActiveCfg = Release|Any CPU
		{DFB9FAF0-83CE-4D90-B504-47D9524074EC}.Release|Any CPU.Build.0 = Release|Any CPU
		{DFB9FAF0-83CE-4D90-B504-47D9524074EC}.Release|x64.ActiveCfg = Release|Any CPU
		{DFB9FAF0-83CE-4D90-B504-47D9524074EC}.Release|x64.Build.0 = Release|Any CPU
		{DFB9FAF0-83CE-4D90-B504-47D9524074EC}.Release|x86.ActiveCfg = Release|Any CPU
		{DFB9FAF0-83CE-4D90-B504-47D9524074EC}.Release|x86.Build.0 = Release|Any CPU
		{92EC21BB-6010-4179-9D2B-5406748C4B53}.Debug|Any CPU.ActiveCfg = Debug|Any CPU
		{92EC21BB-6010-4179-9D2B-5406748C4B53}.Debug|Any CPU.Build.0 = Debug|Any CPU
		{92EC21BB-6010-4179-9D2B-5406748C4B53}.Debug|x64.ActiveCfg = Debug|Any CPU
		{92EC21BB-6010-4179-9D2B-5406748C4B53}.Debug|x64.Build.0 = Debug|Any CPU
		{92EC21BB-6010-4179-9D2B-5406748C4B53}.Debug|x86.ActiveCfg = Debug|Any CPU
		{92EC21BB-6010-4179-9D2B-5406748C4B53}.Debug|x86.Build.0 = Debug|Any CPU
		{92EC21BB-6010-4179-9D2B-5406748C4B53}.Release|Any CPU.ActiveCfg = Release|Any CPU
		{92EC21BB-6010-4179-9D2B-5406748C4B53}.Release|Any CPU.Build.0 = Release|Any CPU
		{92EC21BB-6010-4179-9D2B-5406748C4B53}.Release|x64.ActiveCfg = Release|Any CPU
		{92EC21BB-6010-4179-9D2B-5406748C4B53}.Release|x64.Build.0 = Release|Any CPU
		{92EC21BB-6010-4179-9D2B-5406748C4B53}.Release|x86.ActiveCfg = Release|Any CPU
		{92EC21BB-6010-4179-9D2B-5406748C4B53}.Release|x86.Build.0 = Release|Any CPU
		{DDD41254-3583-4619-9626-29CC4CC72D5F}.Debug|Any CPU.ActiveCfg = Debug|Any CPU
		{DDD41254-3583-4619-9626-29CC4CC72D5F}.Debug|Any CPU.Build.0 = Debug|Any CPU
		{DDD41254-3583-4619-9626-29CC4CC72D5F}.Debug|x64.ActiveCfg = Debug|Any CPU
		{DDD41254-3583-4619-9626-29CC4CC72D5F}.Debug|x64.Build.0 = Debug|Any CPU
		{DDD41254-3583-4619-9626-29CC4CC72D5F}.Debug|x86.ActiveCfg = Debug|Any CPU
		{DDD41254-3583-4619-9626-29CC4CC72D5F}.Debug|x86.Build.0 = Debug|Any CPU
		{DDD41254-3583-4619-9626-29CC4CC72D5F}.Release|Any CPU.ActiveCfg = Release|Any CPU
		{DDD41254-3583-4619-9626-29CC4CC72D5F}.Release|Any CPU.Build.0 = Release|Any CPU
		{DDD41254-3583-4619-9626-29CC4CC72D5F}.Release|x64.ActiveCfg = Release|Any CPU
		{DDD41254-3583-4619-9626-29CC4CC72D5F}.Release|x64.Build.0 = Release|Any CPU
		{DDD41254-3583-4619-9626-29CC4CC72D5F}.Release|x86.ActiveCfg = Release|Any CPU
		{DDD41254-3583-4619-9626-29CC4CC72D5F}.Release|x86.Build.0 = Release|Any CPU
		{7153699A-0AAB-42A5-822E-ED8252F05064}.Debug|Any CPU.ActiveCfg = Debug|Any CPU
		{7153699A-0AAB-42A5-822E-ED8252F05064}.Debug|Any CPU.Build.0 = Debug|Any CPU
		{7153699A-0AAB-42A5-822E-ED8252F05064}.Debug|x64.ActiveCfg = Debug|Any CPU
		{7153699A-0AAB-42A5-822E-ED8252F05064}.Debug|x64.Build.0 = Debug|Any CPU
		{7153699A-0AAB-42A5-822E-ED8252F05064}.Debug|x86.ActiveCfg = Debug|Any CPU
		{7153699A-0AAB-42A5-822E-ED8252F05064}.Debug|x86.Build.0 = Debug|Any CPU
		{7153699A-0AAB-42A5-822E-ED8252F05064}.Release|Any CPU.ActiveCfg = Release|Any CPU
		{7153699A-0AAB-42A5-822E-ED8252F05064}.Release|Any CPU.Build.0 = Release|Any CPU
		{7153699A-0AAB-42A5-822E-ED8252F05064}.Release|x64.ActiveCfg = Release|Any CPU
		{7153699A-0AAB-42A5-822E-ED8252F05064}.Release|x64.Build.0 = Release|Any CPU
		{7153699A-0AAB-42A5-822E-ED8252F05064}.Release|x86.ActiveCfg = Release|Any CPU
		{7153699A-0AAB-42A5-822E-ED8252F05064}.Release|x86.Build.0 = Release|Any CPU
		{D9906A38-3566-4217-8687-5B982B60D7E8}.Debug|Any CPU.ActiveCfg = Debug|Any CPU
		{D9906A38-3566-4217-8687-5B982B60D7E8}.Debug|Any CPU.Build.0 = Debug|Any CPU
		{D9906A38-3566-4217-8687-5B982B60D7E8}.Debug|x64.ActiveCfg = Debug|Any CPU
		{D9906A38-3566-4217-8687-5B982B60D7E8}.Debug|x64.Build.0 = Debug|Any CPU
		{D9906A38-3566-4217-8687-5B982B60D7E8}.Debug|x86.ActiveCfg = Debug|Any CPU
		{D9906A38-3566-4217-8687-5B982B60D7E8}.Debug|x86.Build.0 = Debug|Any CPU
		{D9906A38-3566-4217-8687-5B982B60D7E8}.Release|Any CPU.ActiveCfg = Release|Any CPU
		{D9906A38-3566-4217-8687-5B982B60D7E8}.Release|Any CPU.Build.0 = Release|Any CPU
		{D9906A38-3566-4217-8687-5B982B60D7E8}.Release|x64.ActiveCfg = Release|Any CPU
		{D9906A38-3566-4217-8687-5B982B60D7E8}.Release|x64.Build.0 = Release|Any CPU
		{D9906A38-3566-4217-8687-5B982B60D7E8}.Release|x86.ActiveCfg = Release|Any CPU
		{D9906A38-3566-4217-8687-5B982B60D7E8}.Release|x86.Build.0 = Release|Any CPU
	EndGlobalSection
	GlobalSection(SolutionProperties) = preSolution
		HideSolutionNode = FALSE
	EndGlobalSection
	GlobalSection(NestedProjects) = preSolution
		{527BDB5F-AA2A-488A-A1FC-C9314450AF94} = {6C4ECD68-E865-45C8-8690-AF78BDD92A66}
		{3A8174E8-3D74-476A-9383-8D031C6124C9} = {527BDB5F-AA2A-488A-A1FC-C9314450AF94}
		{FE1E9C35-CE6A-4DE7-972F-5316160456BF} = {6C4ECD68-E865-45C8-8690-AF78BDD92A66}
		{CC68BA60-A6CF-4982-ABC0-DB4AFAD701D1} = {FE1E9C35-CE6A-4DE7-972F-5316160456BF}
		{7FAFBAD0-AEE0-43CF-A035-60C92482693E} = {6C4ECD68-E865-45C8-8690-AF78BDD92A66}
		{DFB9FAF0-83CE-4D90-B504-47D9524074EC} = {7FAFBAD0-AEE0-43CF-A035-60C92482693E}
		{172BB04C-09FD-4A65-AEFF-50657BB2A00B} = {6C4ECD68-E865-45C8-8690-AF78BDD92A66}
		{92EC21BB-6010-4179-9D2B-5406748C4B53} = {172BB04C-09FD-4A65-AEFF-50657BB2A00B}
		{DDD41254-3583-4619-9626-29CC4CC72D5F} = {172BB04C-09FD-4A65-AEFF-50657BB2A00B}
		{7153699A-0AAB-42A5-822E-ED8252F05064} = {172BB04C-09FD-4A65-AEFF-50657BB2A00B}
		{D9906A38-3566-4217-8687-5B982B60D7E8} = {172BB04C-09FD-4A65-AEFF-50657BB2A00B}
	EndGlobalSection
	GlobalSection(ExtensibilityGlobals) = postSolution
		SolutionGuid = {EA6717AA-5EB4-4F51-A2BE-312A58BDE0D2}
	EndGlobalSection
EndGlobal
